// !$*UTF8*$!
{
	archiveVersion = 1;
	classes = {
	};
	objectVersion = 50;
	objects = {

/* Begin PBXBuildFile section */
		672E1C9125606B21006F549B /* CornersView.swift in Sources */ = {isa = PBXBuildFile; fileRef = 672E1C9025606B21006F549B /* CornersView.swift */; };
		672E1C9425606B49006F549B /* PaddingLabel.swift in Sources */ = {isa = PBXBuildFile; fileRef = 672E1C9325606B49006F549B /* PaddingLabel.swift */; };
		67CBEDFA255FEF7400F38C52 /* AppDelegate.swift in Sources */ = {isa = PBXBuildFile; fileRef = 67CBEDF9255FEF7400F38C52 /* AppDelegate.swift */; };
		67CBEDFC255FEF7400F38C52 /* SceneDelegate.swift in Sources */ = {isa = PBXBuildFile; fileRef = 67CBEDFB255FEF7400F38C52 /* SceneDelegate.swift */; };
		67CBEE03255FEF7500F38C52 /* Assets.xcassets in Resources */ = {isa = PBXBuildFile; fileRef = 67CBEE02255FEF7500F38C52 /* Assets.xcassets */; };
		67CBEE06255FEF7500F38C52 /* LaunchScreen.storyboard in Resources */ = {isa = PBXBuildFile; fileRef = 67CBEE04255FEF7500F38C52 /* LaunchScreen.storyboard */; };
		67CBEE32255FEFE200F38C52 /* HomePresenter.swift in Sources */ = {isa = PBXBuildFile; fileRef = 67CBEE26255FEFE200F38C52 /* HomePresenter.swift */; };
		67CBEE34255FEFE200F38C52 /* HomeView.swift in Sources */ = {isa = PBXBuildFile; fileRef = 67CBEE2A255FEFE200F38C52 /* HomeView.swift */; };
		67CBEE35255FEFE200F38C52 /* HomeView.xib in Resources */ = {isa = PBXBuildFile; fileRef = 67CBEE2B255FEFE200F38C52 /* HomeView.xib */; };
		67CBEE36255FEFE200F38C52 /* HomeProtocols.swift in Sources */ = {isa = PBXBuildFile; fileRef = 67CBEE2D255FEFE200F38C52 /* HomeProtocols.swift */; };
		67CBEE37255FEFE200F38C52 /* HomeInteractor.swift in Sources */ = {isa = PBXBuildFile; fileRef = 67CBEE2F255FEFE200F38C52 /* HomeInteractor.swift */; };
		67CBEE38255FEFE200F38C52 /* HomeRouter.swift in Sources */ = {isa = PBXBuildFile; fileRef = 67CBEE31255FEFE200F38C52 /* HomeRouter.swift */; };
		67CBEE57255FEFF900F38C52 /* DetailPresenter.swift in Sources */ = {isa = PBXBuildFile; fileRef = 67CBEE4B255FEFF900F38C52 /* DetailPresenter.swift */; };
		67CBEE59255FEFF900F38C52 /* DetailView.swift in Sources */ = {isa = PBXBuildFile; fileRef = 67CBEE4F255FEFF900F38C52 /* DetailView.swift */; };
		67CBEE5A255FEFF900F38C52 /* DetailView.xib in Resources */ = {isa = PBXBuildFile; fileRef = 67CBEE50255FEFF900F38C52 /* DetailView.xib */; };
		67CBEE5B255FEFF900F38C52 /* DetailProtocols.swift in Sources */ = {isa = PBXBuildFile; fileRef = 67CBEE52255FEFF900F38C52 /* DetailProtocols.swift */; };
		67CBEE5C255FEFF900F38C52 /* DetailInteractor.swift in Sources */ = {isa = PBXBuildFile; fileRef = 67CBEE54255FEFF900F38C52 /* DetailInteractor.swift */; };
		67CBEE5D255FEFF900F38C52 /* DetailRouter.swift in Sources */ = {isa = PBXBuildFile; fileRef = 67CBEE56255FEFF900F38C52 /* DetailRouter.swift */; };
		67CBEE7C255FF01800F38C52 /* ScanPresenter.swift in Sources */ = {isa = PBXBuildFile; fileRef = 67CBEE70255FF01800F38C52 /* ScanPresenter.swift */; };
		67CBEE7E255FF01800F38C52 /* ScanView.swift in Sources */ = {isa = PBXBuildFile; fileRef = 67CBEE74255FF01800F38C52 /* ScanView.swift */; };
		67CBEE7F255FF01800F38C52 /* ScanView.xib in Resources */ = {isa = PBXBuildFile; fileRef = 67CBEE75255FF01800F38C52 /* ScanView.xib */; };
		67CBEE80255FF01800F38C52 /* ScanProtocols.swift in Sources */ = {isa = PBXBuildFile; fileRef = 67CBEE77255FF01800F38C52 /* ScanProtocols.swift */; };
		67CBEE81255FF01800F38C52 /* ScanInteractor.swift in Sources */ = {isa = PBXBuildFile; fileRef = 67CBEE79255FF01800F38C52 /* ScanInteractor.swift */; };
		67CBEE82255FF01800F38C52 /* ScanRouter.swift in Sources */ = {isa = PBXBuildFile; fileRef = 67CBEE7B255FF01800F38C52 /* ScanRouter.swift */; };
/* End PBXBuildFile section */

/* Begin PBXFileReference section */
		672E1C9025606B21006F549B /* CornersView.swift */ = {isa = PBXFileReference; lastKnownFileType = sourcecode.swift; path = CornersView.swift; sourceTree = "<group>"; };
		672E1C9325606B49006F549B /* PaddingLabel.swift */ = {isa = PBXFileReference; lastKnownFileType = sourcecode.swift; path = PaddingLabel.swift; sourceTree = "<group>"; };
		67CBEDF6255FEF7400F38C52 /* BarCodeScan.app */ = {isa = PBXFileReference; explicitFileType = wrapper.application; includeInIndex = 0; path = BarCodeScan.app; sourceTree = BUILT_PRODUCTS_DIR; };
		67CBEDF9255FEF7400F38C52 /* AppDelegate.swift */ = {isa = PBXFileReference; lastKnownFileType = sourcecode.swift; path = AppDelegate.swift; sourceTree = "<group>"; };
		67CBEDFB255FEF7400F38C52 /* SceneDelegate.swift */ = {isa = PBXFileReference; lastKnownFileType = sourcecode.swift; path = SceneDelegate.swift; sourceTree = "<group>"; };
		67CBEE02255FEF7500F38C52 /* Assets.xcassets */ = {isa = PBXFileReference; lastKnownFileType = folder.assetcatalog; path = Assets.xcassets; sourceTree = "<group>"; };
		67CBEE05255FEF7500F38C52 /* Base */ = {isa = PBXFileReference; lastKnownFileType = file.storyboard; name = Base; path = Base.lproj/LaunchScreen.storyboard; sourceTree = "<group>"; };
		67CBEE07255FEF7500F38C52 /* Info.plist */ = {isa = PBXFileReference; lastKnownFileType = text.plist.xml; path = Info.plist; sourceTree = "<group>"; };
		67CBEE26255FEFE200F38C52 /* HomePresenter.swift */ = {isa = PBXFileReference; fileEncoding = 4; lastKnownFileType = sourcecode.swift; path = HomePresenter.swift; sourceTree = "<group>"; };
		67CBEE2A255FEFE200F38C52 /* HomeView.swift */ = {isa = PBXFileReference; fileEncoding = 4; lastKnownFileType = sourcecode.swift; path = HomeView.swift; sourceTree = "<group>"; };
		67CBEE2B255FEFE200F38C52 /* HomeView.xib */ = {isa = PBXFileReference; fileEncoding = 4; lastKnownFileType = file.xib; path = HomeView.xib; sourceTree = "<group>"; };
		67CBEE2D255FEFE200F38C52 /* HomeProtocols.swift */ = {isa = PBXFileReference; fileEncoding = 4; lastKnownFileType = sourcecode.swift; path = HomeProtocols.swift; sourceTree = "<group>"; };
		67CBEE2F255FEFE200F38C52 /* HomeInteractor.swift */ = {isa = PBXFileReference; fileEncoding = 4; lastKnownFileType = sourcecode.swift; path = HomeInteractor.swift; sourceTree = "<group>"; };
		67CBEE31255FEFE200F38C52 /* HomeRouter.swift */ = {isa = PBXFileReference; fileEncoding = 4; lastKnownFileType = sourcecode.swift; path = HomeRouter.swift; sourceTree = "<group>"; };
		67CBEE4B255FEFF900F38C52 /* DetailPresenter.swift */ = {isa = PBXFileReference; fileEncoding = 4; lastKnownFileType = sourcecode.swift; path = DetailPresenter.swift; sourceTree = "<group>"; };
		67CBEE4F255FEFF900F38C52 /* DetailView.swift */ = {isa = PBXFileReference; fileEncoding = 4; lastKnownFileType = sourcecode.swift; path = DetailView.swift; sourceTree = "<group>"; };
		67CBEE50255FEFF900F38C52 /* DetailView.xib */ = {isa = PBXFileReference; fileEncoding = 4; lastKnownFileType = file.xib; path = DetailView.xib; sourceTree = "<group>"; };
		67CBEE52255FEFF900F38C52 /* DetailProtocols.swift */ = {isa = PBXFileReference; fileEncoding = 4; lastKnownFileType = sourcecode.swift; path = DetailProtocols.swift; sourceTree = "<group>"; };
		67CBEE54255FEFF900F38C52 /* DetailInteractor.swift */ = {isa = PBXFileReference; fileEncoding = 4; lastKnownFileType = sourcecode.swift; path = DetailInteractor.swift; sourceTree = "<group>"; };
		67CBEE56255FEFF900F38C52 /* DetailRouter.swift */ = {isa = PBXFileReference; fileEncoding = 4; lastKnownFileType = sourcecode.swift; path = DetailRouter.swift; sourceTree = "<group>"; };
		67CBEE70255FF01800F38C52 /* ScanPresenter.swift */ = {isa = PBXFileReference; fileEncoding = 4; lastKnownFileType = sourcecode.swift; path = ScanPresenter.swift; sourceTree = "<group>"; };
		67CBEE74255FF01800F38C52 /* ScanView.swift */ = {isa = PBXFileReference; fileEncoding = 4; lastKnownFileType = sourcecode.swift; path = ScanView.swift; sourceTree = "<group>"; };
		67CBEE75255FF01800F38C52 /* ScanView.xib */ = {isa = PBXFileReference; fileEncoding = 4; lastKnownFileType = file.xib; path = ScanView.xib; sourceTree = "<group>"; };
		67CBEE77255FF01800F38C52 /* ScanProtocols.swift */ = {isa = PBXFileReference; fileEncoding = 4; lastKnownFileType = sourcecode.swift; path = ScanProtocols.swift; sourceTree = "<group>"; };
		67CBEE79255FF01800F38C52 /* ScanInteractor.swift */ = {isa = PBXFileReference; fileEncoding = 4; lastKnownFileType = sourcecode.swift; path = ScanInteractor.swift; sourceTree = "<group>"; };
		67CBEE7B255FF01800F38C52 /* ScanRouter.swift */ = {isa = PBXFileReference; fileEncoding = 4; lastKnownFileType = sourcecode.swift; path = ScanRouter.swift; sourceTree = "<group>"; };
/* End PBXFileReference section */

/* Begin PBXFrameworksBuildPhase section */
		67CBEDF3255FEF7400F38C52 /* Frameworks */ = {
			isa = PBXFrameworksBuildPhase;
			buildActionMask = 2147483647;
			files = (
			);
			runOnlyForDeploymentPostprocessing = 0;
		};
/* End PBXFrameworksBuildPhase section */

/* Begin PBXGroup section */
		67CBEDED255FEF7400F38C52 = {
			isa = PBXGroup;
			children = (
				67CBEDF8255FEF7400F38C52 /* BarCodeScan */,
				67CBEDF7255FEF7400F38C52 /* Products */,
			);
			sourceTree = "<group>";
		};
		67CBEDF7255FEF7400F38C52 /* Products */ = {
			isa = PBXGroup;
			children = (
				67CBEDF6255FEF7400F38C52 /* BarCodeScan.app */,
			);
			name = Products;
			sourceTree = "<group>";
		};
		67CBEDF8255FEF7400F38C52 /* BarCodeScan */ = {
			isa = PBXGroup;
			children = (
				67CBEE24255FEFE200F38C52 /* Home */,
				67CBEE6E255FF01800F38C52 /* Scan */,
				67CBEE49255FEFF900F38C52 /* Detail */,
				67CBEE11255FEFA200F38C52 /* Utils */,
				67CBEE10255FEF9B00F38C52 /* Project */,
				67CBEE07255FEF7500F38C52 /* Info.plist */,
			);
			path = BarCodeScan;
			sourceTree = "<group>";
		};
		67CBEE10255FEF9B00F38C52 /* Project */ = {
			isa = PBXGroup;
			children = (
				67CBEDF9255FEF7400F38C52 /* AppDelegate.swift */,
				67CBEDFB255FEF7400F38C52 /* SceneDelegate.swift */,
			);
			path = Project;
			sourceTree = "<group>";
		};
		67CBEE11255FEFA200F38C52 /* Utils */ = {
			isa = PBXGroup;
			children = (
				672E1C9025606B21006F549B /* CornersView.swift */,
				672E1C9325606B49006F549B /* PaddingLabel.swift */,
				67CBEE04255FEF7500F38C52 /* LaunchScreen.storyboard */,
				67CBEE02255FEF7500F38C52 /* Assets.xcassets */,
			);
			path = Utils;
			sourceTree = "<group>";
		};
		67CBEE24255FEFE200F38C52 /* Home */ = {
			isa = PBXGroup;
			children = (
				67CBEE29255FEFE200F38C52 /* View */,
				67CBEE2E255FEFE200F38C52 /* Interactor */,
				67CBEE2C255FEFE200F38C52 /* Protocols */,
				67CBEE25255FEFE200F38C52 /* Presenter */,
				67CBEE30255FEFE200F38C52 /* Router */,
			);
			path = Home;
			sourceTree = "<group>";
		};
		67CBEE25255FEFE200F38C52 /* Presenter */ = {
			isa = PBXGroup;
			children = (
				67CBEE26255FEFE200F38C52 /* HomePresenter.swift */,
			);
			path = Presenter;
			sourceTree = "<group>";
		};
		67CBEE29255FEFE200F38C52 /* View */ = {
			isa = PBXGroup;
			children = (
				67CBEE2A255FEFE200F38C52 /* HomeView.swift */,
				67CBEE2B255FEFE200F38C52 /* HomeView.xib */,
			);
			path = View;
			sourceTree = "<group>";
		};
		67CBEE2C255FEFE200F38C52 /* Protocols */ = {
			isa = PBXGroup;
			children = (
				67CBEE2D255FEFE200F38C52 /* HomeProtocols.swift */,
			);
			path = Protocols;
			sourceTree = "<group>";
		};
		67CBEE2E255FEFE200F38C52 /* Interactor */ = {
			isa = PBXGroup;
			children = (
				67CBEE2F255FEFE200F38C52 /* HomeInteractor.swift */,
			);
			path = Interactor;
			sourceTree = "<group>";
		};
		67CBEE30255FEFE200F38C52 /* Router */ = {
			isa = PBXGroup;
			children = (
				67CBEE31255FEFE200F38C52 /* HomeRouter.swift */,
			);
			path = Router;
			sourceTree = "<group>";
		};
		67CBEE49255FEFF900F38C52 /* Detail */ = {
			isa = PBXGroup;
			children = (
				67CBEE4E255FEFF900F38C52 /* View */,
				67CBEE53255FEFF900F38C52 /* Interactor */,
				67CBEE51255FEFF900F38C52 /* Protocols */,
				67CBEE4A255FEFF900F38C52 /* Presenter */,
				67CBEE55255FEFF900F38C52 /* Router */,
			);
			path = Detail;
			sourceTree = "<group>";
		};
		67CBEE4A255FEFF900F38C52 /* Presenter */ = {
			isa = PBXGroup;
			children = (
				67CBEE4B255FEFF900F38C52 /* DetailPresenter.swift */,
			);
			path = Presenter;
			sourceTree = "<group>";
		};
		67CBEE4E255FEFF900F38C52 /* View */ = {
			isa = PBXGroup;
			children = (
				67CBEE4F255FEFF900F38C52 /* DetailView.swift */,
				67CBEE50255FEFF900F38C52 /* DetailView.xib */,
			);
			path = View;
			sourceTree = "<group>";
		};
		67CBEE51255FEFF900F38C52 /* Protocols */ = {
			isa = PBXGroup;
			children = (
				67CBEE52255FEFF900F38C52 /* DetailProtocols.swift */,
			);
			path = Protocols;
			sourceTree = "<group>";
		};
		67CBEE53255FEFF900F38C52 /* Interactor */ = {
			isa = PBXGroup;
			children = (
				67CBEE54255FEFF900F38C52 /* DetailInteractor.swift */,
			);
			path = Interactor;
			sourceTree = "<group>";
		};
		67CBEE55255FEFF900F38C52 /* Router */ = {
			isa = PBXGroup;
			children = (
				67CBEE56255FEFF900F38C52 /* DetailRouter.swift */,
			);
			path = Router;
			sourceTree = "<group>";
		};
		67CBEE6E255FF01800F38C52 /* Scan */ = {
			isa = PBXGroup;
			children = (
				67CBEE73255FF01800F38C52 /* View */,
				67CBEE78255FF01800F38C52 /* Interactor */,
				67CBEE76255FF01800F38C52 /* Protocols */,
				67CBEE6F255FF01800F38C52 /* Presenter */,
				67CBEE7A255FF01800F38C52 /* Router */,
			);
			path = Scan;
			sourceTree = "<group>";
		};
		67CBEE6F255FF01800F38C52 /* Presenter */ = {
			isa = PBXGroup;
			children = (
				67CBEE70255FF01800F38C52 /* ScanPresenter.swift */,
			);
			path = Presenter;
			sourceTree = "<group>";
		};
		67CBEE73255FF01800F38C52 /* View */ = {
			isa = PBXGroup;
			children = (
				67CBEE74255FF01800F38C52 /* ScanView.swift */,
				67CBEE75255FF01800F38C52 /* ScanView.xib */,
			);
			path = View;
			sourceTree = "<group>";
		};
		67CBEE76255FF01800F38C52 /* Protocols */ = {
			isa = PBXGroup;
			children = (
				67CBEE77255FF01800F38C52 /* ScanProtocols.swift */,
			);
			path = Protocols;
			sourceTree = "<group>";
		};
		67CBEE78255FF01800F38C52 /* Interactor */ = {
			isa = PBXGroup;
			children = (
				67CBEE79255FF01800F38C52 /* ScanInteractor.swift */,
			);
			path = Interactor;
			sourceTree = "<group>";
		};
		67CBEE7A255FF01800F38C52 /* Router */ = {
			isa = PBXGroup;
			children = (
				67CBEE7B255FF01800F38C52 /* ScanRouter.swift */,
			);
			path = Router;
			sourceTree = "<group>";
		};
/* End PBXGroup section */

/* Begin PBXNativeTarget section */
		67CBEDF5255FEF7400F38C52 /* BarCodeScan */ = {
			isa = PBXNativeTarget;
			buildConfigurationList = 67CBEE0A255FEF7500F38C52 /* Build configuration list for PBXNativeTarget "BarCodeScan" */;
			buildPhases = (
				67CBEDF2255FEF7400F38C52 /* Sources */,
				67CBEDF3255FEF7400F38C52 /* Frameworks */,
				67CBEDF4255FEF7400F38C52 /* Resources */,
			);
			buildRules = (
			);
			dependencies = (
			);
			name = BarCodeScan;
			productName = BarCodeScan;
			productReference = 67CBEDF6255FEF7400F38C52 /* BarCodeScan.app */;
			productType = "com.apple.product-type.application";
		};
/* End PBXNativeTarget section */

/* Begin PBXProject section */
		67CBEDEE255FEF7400F38C52 /* Project object */ = {
			isa = PBXProject;
			attributes = {
				LastSwiftUpdateCheck = 1200;
				LastUpgradeCheck = 1200;
				ORGANIZATIONNAME = AFSopra;
				TargetAttributes = {
					67CBEDF5255FEF7400F38C52 = {
						CreatedOnToolsVersion = 12.0.1;
					};
				};
			};
			buildConfigurationList = 67CBEDF1255FEF7400F38C52 /* Build configuration list for PBXProject "BarCodeScan" */;
			compatibilityVersion = "Xcode 9.3";
			developmentRegion = en;
			hasScannedForEncodings = 0;
			knownRegions = (
				en,
				Base,
			);
			mainGroup = 67CBEDED255FEF7400F38C52;
			productRefGroup = 67CBEDF7255FEF7400F38C52 /* Products */;
			projectDirPath = "";
			projectRoot = "";
			targets = (
				67CBEDF5255FEF7400F38C52 /* BarCodeScan */,
			);
		};
/* End PBXProject section */

/* Begin PBXResourcesBuildPhase section */
		67CBEDF4255FEF7400F38C52 /* Resources */ = {
			isa = PBXResourcesBuildPhase;
			buildActionMask = 2147483647;
			files = (
				67CBEE06255FEF7500F38C52 /* LaunchScreen.storyboard in Resources */,
				67CBEE5A255FEFF900F38C52 /* DetailView.xib in Resources */,
				67CBEE03255FEF7500F38C52 /* Assets.xcassets in Resources */,
				67CBEE35255FEFE200F38C52 /* HomeView.xib in Resources */,
				67CBEE7F255FF01800F38C52 /* ScanView.xib in Resources */,
			);
			runOnlyForDeploymentPostprocessing = 0;
		};
/* End PBXResourcesBuildPhase section */

/* Begin PBXSourcesBuildPhase section */
		67CBEDF2255FEF7400F38C52 /* Sources */ = {
			isa = PBXSourcesBuildPhase;
			buildActionMask = 2147483647;
			files = (
				67CBEE82255FF01800F38C52 /* ScanRouter.swift in Sources */,
				67CBEE32255FEFE200F38C52 /* HomePresenter.swift in Sources */,
				67CBEE57255FEFF900F38C52 /* DetailPresenter.swift in Sources */,
				67CBEE7C255FF01800F38C52 /* ScanPresenter.swift in Sources */,
				67CBEDFA255FEF7400F38C52 /* AppDelegate.swift in Sources */,
				67CBEE5B255FEFF900F38C52 /* DetailProtocols.swift in Sources */,
				67CBEE5D255FEFF900F38C52 /* DetailRouter.swift in Sources */,
				67CBEE34255FEFE200F38C52 /* HomeView.swift in Sources */,
				672E1C9425606B49006F549B /* PaddingLabel.swift in Sources */,
				67CBEE59255FEFF900F38C52 /* DetailView.swift in Sources */,
				67CBEE36255FEFE200F38C52 /* HomeProtocols.swift in Sources */,
				67CBEE5C255FEFF900F38C52 /* DetailInteractor.swift in Sources */,
				672E1C9125606B21006F549B /* CornersView.swift in Sources */,
				67CBEE38255FEFE200F38C52 /* HomeRouter.swift in Sources */,
				67CBEE81255FF01800F38C52 /* ScanInteractor.swift in Sources */,
				67CBEDFC255FEF7400F38C52 /* SceneDelegate.swift in Sources */,
				67CBEE7E255FF01800F38C52 /* ScanView.swift in Sources */,
				67CBEE80255FF01800F38C52 /* ScanProtocols.swift in Sources */,
				67CBEE37255FEFE200F38C52 /* HomeInteractor.swift in Sources */,
			);
			runOnlyForDeploymentPostprocessing = 0;
		};
/* End PBXSourcesBuildPhase section */

/* Begin PBXVariantGroup section */
		67CBEE04255FEF7500F38C52 /* LaunchScreen.storyboard */ = {
			isa = PBXVariantGroup;
			children = (
				67CBEE05255FEF7500F38C52 /* Base */,
			);
			name = LaunchScreen.storyboard;
			sourceTree = "<group>";
		};
/* End PBXVariantGroup section */

/* Begin XCBuildConfiguration section */
		67CBEE08255FEF7500F38C52 /* Debug */ = {
			isa = XCBuildConfiguration;
			buildSettings = {
				ALWAYS_SEARCH_USER_PATHS = NO;
				CLANG_ANALYZER_NONNULL = YES;
				CLANG_ANALYZER_NUMBER_OBJECT_CONVERSION = YES_AGGRESSIVE;
				CLANG_CXX_LANGUAGE_STANDARD = "gnu++14";
				CLANG_CXX_LIBRARY = "libc++";
				CLANG_ENABLE_MODULES = YES;
				CLANG_ENABLE_OBJC_ARC = YES;
				CLANG_ENABLE_OBJC_WEAK = YES;
				CLANG_WARN_BLOCK_CAPTURE_AUTORELEASING = YES;
				CLANG_WARN_BOOL_CONVERSION = YES;
				CLANG_WARN_COMMA = YES;
				CLANG_WARN_CONSTANT_CONVERSION = YES;
				CLANG_WARN_DEPRECATED_OBJC_IMPLEMENTATIONS = YES;
				CLANG_WARN_DIRECT_OBJC_ISA_USAGE = YES_ERROR;
				CLANG_WARN_DOCUMENTATION_COMMENTS = YES;
				CLANG_WARN_EMPTY_BODY = YES;
				CLANG_WARN_ENUM_CONVERSION = YES;
				CLANG_WARN_INFINITE_RECURSION = YES;
				CLANG_WARN_INT_CONVERSION = YES;
				CLANG_WARN_NON_LITERAL_NULL_CONVERSION = YES;
				CLANG_WARN_OBJC_IMPLICIT_RETAIN_SELF = YES;
				CLANG_WARN_OBJC_LITERAL_CONVERSION = YES;
				CLANG_WARN_OBJC_ROOT_CLASS = YES_ERROR;
				CLANG_WARN_QUOTED_INCLUDE_IN_FRAMEWORK_HEADER = YES;
				CLANG_WARN_RANGE_LOOP_ANALYSIS = YES;
				CLANG_WARN_STRICT_PROTOTYPES = YES;
				CLANG_WARN_SUSPICIOUS_MOVE = YES;
				CLANG_WARN_UNGUARDED_AVAILABILITY = YES_AGGRESSIVE;
				CLANG_WARN_UNREACHABLE_CODE = YES;
				CLANG_WARN__DUPLICATE_METHOD_MATCH = YES;
				COPY_PHASE_STRIP = NO;
				DEBUG_INFORMATION_FORMAT = dwarf;
				ENABLE_STRICT_OBJC_MSGSEND = YES;
				ENABLE_TESTABILITY = YES;
				GCC_C_LANGUAGE_STANDARD = gnu11;
				GCC_DYNAMIC_NO_PIC = NO;
				GCC_NO_COMMON_BLOCKS = YES;
				GCC_OPTIMIZATION_LEVEL = 0;
				GCC_PREPROCESSOR_DEFINITIONS = (
					"DEBUG=1",
					"$(inherited)",
				);
				GCC_WARN_64_TO_32_BIT_CONVERSION = YES;
				GCC_WARN_ABOUT_RETURN_TYPE = YES_ERROR;
				GCC_WARN_UNDECLARED_SELECTOR = YES;
				GCC_WARN_UNINITIALIZED_AUTOS = YES_AGGRESSIVE;
				GCC_WARN_UNUSED_FUNCTION = YES;
				GCC_WARN_UNUSED_VARIABLE = YES;
				IPHONEOS_DEPLOYMENT_TARGET = 14.0;
				MTL_ENABLE_DEBUG_INFO = INCLUDE_SOURCE;
				MTL_FAST_MATH = YES;
				ONLY_ACTIVE_ARCH = YES;
				SDKROOT = iphoneos;
				SWIFT_ACTIVE_COMPILATION_CONDITIONS = DEBUG;
				SWIFT_OPTIMIZATION_LEVEL = "-Onone";
			};
			name = Debug;
		};
		67CBEE09255FEF7500F38C52 /* Release */ = {
			isa = XCBuildConfiguration;
			buildSettings = {
				ALWAYS_SEARCH_USER_PATHS = NO;
				CLANG_ANALYZER_NONNULL = YES;
				CLANG_ANALYZER_NUMBER_OBJECT_CONVERSION = YES_AGGRESSIVE;
				CLANG_CXX_LANGUAGE_STANDARD = "gnu++14";
				CLANG_CXX_LIBRARY = "libc++";
				CLANG_ENABLE_MODULES = YES;
				CLANG_ENABLE_OBJC_ARC = YES;
				CLANG_ENABLE_OBJC_WEAK = YES;
				CLANG_WARN_BLOCK_CAPTURE_AUTORELEASING = YES;
				CLANG_WARN_BOOL_CONVERSION = YES;
				CLANG_WARN_COMMA = YES;
				CLANG_WARN_CONSTANT_CONVERSION = YES;
				CLANG_WARN_DEPRECATED_OBJC_IMPLEMENTATIONS = YES;
				CLANG_WARN_DIRECT_OBJC_ISA_USAGE = YES_ERROR;
				CLANG_WARN_DOCUMENTATION_COMMENTS = YES;
				CLANG_WARN_EMPTY_BODY = YES;
				CLANG_WARN_ENUM_CONVERSION = YES;
				CLANG_WARN_INFINITE_RECURSION = YES;
				CLANG_WARN_INT_CONVERSION = YES;
				CLANG_WARN_NON_LITERAL_NULL_CONVERSION = YES;
				CLANG_WARN_OBJC_IMPLICIT_RETAIN_SELF = YES;
				CLANG_WARN_OBJC_LITERAL_CONVERSION = YES;
				CLANG_WARN_OBJC_ROOT_CLASS = YES_ERROR;
				CLANG_WARN_QUOTED_INCLUDE_IN_FRAMEWORK_HEADER = YES;
				CLANG_WARN_RANGE_LOOP_ANALYSIS = YES;
				CLANG_WARN_STRICT_PROTOTYPES = YES;
				CLANG_WARN_SUSPICIOUS_MOVE = YES;
				CLANG_WARN_UNGUARDED_AVAILABILITY = YES_AGGRESSIVE;
				CLANG_WARN_UNREACHABLE_CODE = YES;
				CLANG_WARN__DUPLICATE_METHOD_MATCH = YES;
				COPY_PHASE_STRIP = NO;
				DEBUG_INFORMATION_FORMAT = "dwarf-with-dsym";
				ENABLE_NS_ASSERTIONS = NO;
				ENABLE_STRICT_OBJC_MSGSEND = YES;
				GCC_C_LANGUAGE_STANDARD = gnu11;
				GCC_NO_COMMON_BLOCKS = YES;
				GCC_WARN_64_TO_32_BIT_CONVERSION = YES;
				GCC_WARN_ABOUT_RETURN_TYPE = YES_ERROR;
				GCC_WARN_UNDECLARED_SELECTOR = YES;
				GCC_WARN_UNINITIALIZED_AUTOS = YES_AGGRESSIVE;
				GCC_WARN_UNUSED_FUNCTION = YES;
				GCC_WARN_UNUSED_VARIABLE = YES;
				IPHONEOS_DEPLOYMENT_TARGET = 14.0;
				MTL_ENABLE_DEBUG_INFO = NO;
				MTL_FAST_MATH = YES;
				SDKROOT = iphoneos;
				SWIFT_COMPILATION_MODE = wholemodule;
				SWIFT_OPTIMIZATION_LEVEL = "-O";
				VALIDATE_PRODUCT = YES;
			};
			name = Release;
		};
		67CBEE0B255FEF7500F38C52 /* Debug */ = {
			isa = XCBuildConfiguration;
			buildSettings = {
				ASSETCATALOG_COMPILER_APPICON_NAME = AppIcon;
				ASSETCATALOG_COMPILER_GLOBAL_ACCENT_COLOR_NAME = AccentColor;
				CODE_SIGN_STYLE = Automatic;
				DEVELOPMENT_TEAM = R4MG5ZD2AJ;
				INFOPLIST_FILE = BarCodeScan/Info.plist;
				LD_RUNPATH_SEARCH_PATHS = (
					"$(inherited)",
					"@executable_path/Frameworks",
				);
				PRODUCT_BUNDLE_IDENTIFIER = AFSopra.BarCodeScan;
				PRODUCT_NAME = "$(TARGET_NAME)";
				SWIFT_VERSION = 5.0;
				TARGETED_DEVICE_FAMILY = 1;
			};
			name = Debug;
		};
		67CBEE0C255FEF7500F38C52 /* Release */ = {
			isa = XCBuildConfiguration;
			buildSettings = {
				ASSETCATALOG_COMPILER_APPICON_NAME = AppIcon;
				ASSETCATALOG_COMPILER_GLOBAL_ACCENT_COLOR_NAME = AccentColor;
				CODE_SIGN_STYLE = Automatic;
				DEVELOPMENT_TEAM = R4MG5ZD2AJ;
				INFOPLIST_FILE = BarCodeScan/Info.plist;
				LD_RUNPATH_SEARCH_PATHS = (
					"$(inherited)",
					"@executable_path/Frameworks",
				);
				PRODUCT_BUNDLE_IDENTIFIER = AFSopra.BarCodeScan;
				PRODUCT_NAME = "$(TARGET_NAME)";
				SWIFT_VERSION = 5.0;
				TARGETED_DEVICE_FAMILY = 1;
			};
			name = Release;
		};
/* End XCBuildConfiguration section */

/* Begin XCConfigurationList section */
		67CBEDF1255FEF7400F38C52 /* Build configuration list for PBXProject "BarCodeScan" */ = {
			isa = XCConfigurationList;
			buildConfigurations = (
				67CBEE08255FEF7500F38C52 /* Debug */,
				67CBEE09255FEF7500F38C52 /* Release */,
			);
			defaultConfigurationIsVisible = 0;
			defaultConfigurationName = Release;
		};
		67CBEE0A255FEF7500F38C52 /* Build configuration list for PBXNativeTarget "BarCodeScan" */ = {
			isa = XCConfigurationList;
			buildConfigurations = (
				67CBEE0B255FEF7500F38C52 /* Debug */,
				67CBEE0C255FEF7500F38C52 /* Release */,
			);
			defaultConfigurationIsVisible = 0;
			defaultConfigurationName = Release;
		};
/* End XCConfigurationList section */
	};
	rootObject = 67CBEDEE255FEF7400F38C52 /* Project object */;
}
